
Microsoft Visual Studio Solution File, Format Version 12.00
# Visual Studio Version 16
VisualStudioVersion = 16.0.31205.134
MinimumVisualStudioVersion = 10.0.40219.1
Project("{FAE04EC0-301F-11D3-BF4B-00C04F79EFBC}") = "MyFirstAPI", "MyFirstAPI\MyFirstAPI.csproj", "{28F644A0-1203-43CA-BFA9-73DF301D2A50}"
EndProject
Global
	GlobalSection(SolutionConfigurationPlatforms) = preSolution
		Debug|Any CPU = Debug|Any CPU
		Release|Any CPU = Release|Any CPU
	EndGlobalSection
	GlobalSection(ProjectConfigurationPlatforms) = postSolution
		{28F644A0-1203-43CA-BFA9-73DF301D2A50}.Debug|Any CPU.ActiveCfg = Debug|Any CPU
		{28F644A0-1203-43CA-BFA9-73DF301D2A50}.Debug|Any CPU.Build.0 = Debug|Any CPU
		{28F644A0-1203-43CA-BFA9-73DF301D2A50}.Release|Any CPU.ActiveCfg = Release|Any CPU
		{28F644A0-1203-43CA-BFA9-73DF301D2A50}.Release|Any CPU.Build.0 = Release|Any CPU
	EndGlobalSection
	GlobalSection(SolutionProperties) = preSolution
		HideSolutionNode = FALSE
	EndGlobalSection
	GlobalSection(ExtensibilityGlobals) = postSolution
		SolutionGuid = {FFF5AD32-5DBB-4B45-A323-D4D9D6B65F00}
	EndGlobalSection
EndGlobal
